
Microsoft Visual Studio Solution File, Format Version 12.00
# Visual Studio Version 16
VisualStudioVersion = 16.0.29911.84
MinimumVisualStudioVersion = 10.0.40219.1
Project("{FAE04EC0-301F-11D3-BF4B-00C04F79EFBC}") = "TreeView", "TreeView\TreeView.csproj", "{91211FAC-BECC-436E-A06B-5B782F27803F}"
EndProject
Global
	GlobalSection(SolutionConfigurationPlatforms) = preSolution
		Debug|Any CPU = Debug|Any CPU
		Release|Any CPU = Release|Any CPU
	EndGlobalSection
	GlobalSection(ProjectConfigurationPlatforms) = postSolution
		{91211FAC-BECC-436E-A06B-5B782F27803F}.Debug|Any CPU.ActiveCfg = Debug|Any CPU
		{91211FAC-BECC-436E-A06B-5B782F27803F}.Debug|Any CPU.Build.0 = Debug|Any CPU
		{91211FAC-BECC-436E-A06B-5B782F27803F}.Release|Any CPU.ActiveCfg = Release|Any CPU
		{91211FAC-BECC-436E-A06B-5B782F27803F}.Release|Any CPU.Build.0 = Release|Any CPU
	EndGlobalSection
	GlobalSection(SolutionProperties) = preSolution
		HideSolutionNode = FALSE
	EndGlobalSection
	GlobalSection(ExtensibilityGlobals) = postSolution
		SolutionGuid = {DD46182A-061A-49ED-B4E7-AD8ACEE140C0}
	EndGlobalSection
EndGlobal
